{
  "nodes": {
    "catppuccin": {
      "locked": {
        "lastModified": 1722997334,
        "narHash": "sha256-vE5FcKVQ3E0txJKt5w3vOlfcN1XoTAlxK9PnQ/CJavA=",
        "owner": "catppuccin",
        "repo": "nix",
        "rev": "66f4ea170093b62f319f41cebd2337a51b225c5a",
        "type": "github"
      },
      "original": {
        "owner": "catppuccin",
        "repo": "nix",
        "type": "github"
      }
    },
    "cdunster-nixpkgs": {
      "locked": {
        "lastModified": 1713526940,
        "narHash": "sha256-YpmZyTbierTxS7S7HFuBovIb23YxWREGPyhp7el+ctI=",
        "owner": "cdunster",
        "repo": "nixpkgs",
        "rev": "738fe3c1d496aa86599b2950377640cb0c84db01",
        "type": "github"
      },
      "original": {
        "owner": "cdunster",
        "ref": "wps-fonts",
        "repo": "nixpkgs",
        "type": "github"
      }
    },
    "flake-utils": {
      "locked": {
        "lastModified": 1659877975,
        "narHash": "sha256-zllb8aq3YO3h8B/U0/J1WBgAL8EX5yWf5pMj3G0NAmc=",
        "owner": "numtide",
        "repo": "flake-utils",
        "rev": "c0e246b9b83f637f4681389ecabcb2681b4f3af0",
        "type": "github"
      },
      "original": {
        "owner": "numtide",
        "repo": "flake-utils",
        "type": "github"
      }
    },
    "home-manager": {
      "inputs": {
        "nixpkgs": [
          "nixpkgs"
        ]
      },
      "locked": {
        "lastModified": 1722936497,
        "narHash": "sha256-UBst8PkhY0kqTgdKiR8MtTBt4c1XmjJoOV11efjsC/o=",
        "owner": "nix-community",
        "repo": "home-manager",
        "rev": "a6c743980e23f4cef6c2a377f9ffab506568413a",
        "type": "github"
      },
      "original": {
        "id": "home-manager",
        "type": "indirect"
      }
    },
    "nixgl": {
      "inputs": {
        "flake-utils": "flake-utils",
        "nixpkgs": [
          "nixpkgs"
        ]
      },
      "locked": {
        "lastModified": 1713543440,
        "narHash": "sha256-lnzZQYG0+EXl/6NkGpyIz+FEOc/DSEG57AP1VsdeNrM=",
        "owner": "guibou",
        "repo": "nixGL",
        "rev": "310f8e49a149e4c9ea52f1adf70cdc768ec53f8a",
        "type": "github"
      },
      "original": {
        "owner": "guibou",
        "repo": "nixGL",
        "type": "github"
      }
    },
    "nixpkgs": {
      "locked": {
        "lastModified": 1722813957,
        "narHash": "sha256-IAoYyYnED7P8zrBFMnmp7ydaJfwTnwcnqxUElC1I26Y=",
        "owner": "NixOS",
        "repo": "nixpkgs",
        "rev": "cb9a96f23c491c081b38eab96d22fa958043c9fa",
        "type": "github"
      },
      "original": {
        "id": "nixpkgs",
        "ref": "nixos-unstable",
        "type": "indirect"
      }
    },
    "root": {
      "inputs": {
        "catppuccin": "catppuccin",
        "cdunster-nixpkgs": "cdunster-nixpkgs",
        "home-manager": "home-manager",
        "nixgl": "nixgl",
        "nixpkgs": "nixpkgs"
      }
    }
  },
  "root": "root",
  "version": 7
}
