{
  "nodes": {
    "flake-utils": {
      "locked": {
        "lastModified": 1678901627,
        "narHash": "sha256-U02riOqrKKzwjsxc/400XnElV+UtPUQWpANPlyazjH0=",
        "owner": "numtide",
        "repo": "flake-utils",
        "rev": "93a2b84fc4b70d9e089d029deacc3583435c2ed6",
        "type": "github"
      },
      "original": {
        "owner": "numtide",
        "repo": "flake-utils",
        "type": "github"
      }
    },
    "home-manager": {
      "inputs": {
        "nixpkgs": [
          "nixpkgs"
        ],
        "utils": [
          "flake-utils"
        ]
      },
      "locked": {
        "lastModified": 1679786039,
        "narHash": "sha256-VNjswu0Q4bZOkWNuc0+dHvRdjUCj+MnDlRfw/Q0R3vI=",
        "owner": "nix-community",
        "repo": "home-manager",
        "rev": "cf662b6c98a0da81e06066fff0ecf9cbd4627727",
        "type": "github"
      },
      "original": {
        "owner": "nix-community",
        "repo": "home-manager",
        "type": "github"
      }
    },
    "nixgl": {
      "inputs": {
        "flake-utils": [
          "flake-utils"
        ],
        "nixpkgs": [
          "nixpkgs"
        ]
      },
      "locked": {
        "lastModified": 1676383589,
        "narHash": "sha256-KCkWZXCjH+C4Kn7fUGSrEl5btk+sERHhZueSsvVbPWc=",
        "owner": "guibou",
        "repo": "nixGL",
        "rev": "c917918ab9ebeee27b0dd657263d3f57ba6bb8ad",
        "type": "github"
      },
      "original": {
        "owner": "guibou",
        "repo": "nixGL",
        "type": "github"
      }
    },
    "nixpkgs": {
      "locked": {
        "lastModified": 1679793451,
        "narHash": "sha256-JafTtgMDATE8dZOImBhWMA9RCn9AP8FVOpN+9K/tTlg=",
        "owner": "nixos",
        "repo": "nixpkgs",
        "rev": "0cd51a933d91078775b300cf0f29aa3495231aa2",
        "type": "github"
      },
      "original": {
        "owner": "nixos",
        "ref": "nixpkgs-unstable",
        "repo": "nixpkgs",
        "type": "github"
      }
    },
    "root": {
      "inputs": {
        "flake-utils": "flake-utils",
        "home-manager": "home-manager",
        "nixgl": "nixgl",
        "nixpkgs": "nixpkgs"
      }
    }
  },
  "root": "root",
  "version": 7
}
